{
  "name": "v_is_empty",
  "version": "1.0.0",
  "lockfileVersion": 1,
  "requires": true,
  "dependencies": {
    "v__console.utility": {
      "version": "git+https://github.com/V-tech-tools/__console.utility.git#aeed5b30038f469b0f76186402b85bc08b29ae23",
      "from": "git+https://github.com/V-tech-tools/__console.utility.git"
    }
  }
}
